Microsoft Visual Studio Solution File, Format Version 11.00
# Visual Studio 2008

Project("{4B28DEFC-F93D-AB95-106C-5946E8241464}") = "unitytest", "Assembly-CSharp.csproj", "{6741B820-CBF8-2E3E-C708-B3EF842304C5}"
EndProject
Project("{4B28DEFC-F93D-AB95-106C-5946E8241464}") = "unitytest", "Assembly-CSharp-Editor.csproj", "{FC71696B-86C9-BBE7-4961-4B983336390C}"
EndProject
Global
	GlobalSection(SolutionConfigurationPlatforms) = preSolution
		Debug|Any CPU = Debug|Any CPU
		Release|Any CPU = Release|Any CPU
	EndGlobalSection
	GlobalSection(ProjectConfigurationPlatforms) = postSolution
		{6741B820-CBF8-2E3E-C708-B3EF842304C5}.Debug|Any CPU.ActiveCfg = Debug|Any CPU
		{6741B820-CBF8-2E3E-C708-B3EF842304C5}.Debug|Any CPU.Build.0 = Debug|Any CPU
		{6741B820-CBF8-2E3E-C708-B3EF842304C5}.Release|Any CPU.ActiveCfg = Release|Any CPU
		{6741B820-CBF8-2E3E-C708-B3EF842304C5}.Release|Any CPU.Build.0 = Release|Any CPU
		{FC71696B-86C9-BBE7-4961-4B983336390C}.Debug|Any CPU.ActiveCfg = Debug|Any CPU
		{FC71696B-86C9-BBE7-4961-4B983336390C}.Debug|Any CPU.Build.0 = Debug|Any CPU
		{FC71696B-86C9-BBE7-4961-4B983336390C}.Release|Any CPU.ActiveCfg = Release|Any CPU
		{FC71696B-86C9-BBE7-4961-4B983336390C}.Release|Any CPU.Build.0 = Release|Any CPU
	EndGlobalSection
	GlobalSection(SolutionProperties) = preSolution
		HideSolutionNode = FALSE
	EndGlobalSection
	GlobalSection(MonoDevelopProperties) = preSolution
		StartupItem = Assembly-CSharp.csproj
	EndGlobalSection
EndGlobal
